github.com/418874537/MyHello v0.0.2 h1:DNn5Ys8X6BcE5fxfQhP7BW0o6TgOGQOrWdYmXH5Jkeg=
github.com/418874537/MyHello v0.0.2/go.mod h1:75HhfS1rO/BP+Ur8QMoWHQ8SYf3EgcsDw3dNhx8z84U=
github.com/418874537/MyTetsFoGo v0.0.2 h1:yGGSg2JvT56b44trkPL+JeCcu82yXzQV6uXg89NcwkE=
github.com/418874537/MyTetsFoGo v0.0.2/go.mod h1:MLKKMcG9CO0Udf8GqcU9Y4ez47M0xwQcLVEoIm6licQ=
